
Microsoft Visual Studio Solution File, Format Version 12.00
# Visual Studio Version 16
VisualStudioVersion = 16.0.29613.14
MinimumVisualStudioVersion = 10.0.40219.1
Project("{2150E333-8FDC-42A3-9474-1A3956D46DE8}") = "Dia02", "Dia02", "{EB33DF55-FC8F-4976-BC3A-4280B9468EE8}"
EndProject
Project("{9A19103F-16F7-4668-BE54-9A1E7A4F7556}") = "Desafio21DiasOO.Dia02", "Desafio21DiasOO.Dia02\Desafio21DiasOO.Dia02.csproj", "{05EA7A71-4B1E-4B50-94FE-BA348DD9B2EC}"
EndProject
Project("{2150E333-8FDC-42A3-9474-1A3956D46DE8}") = "Dia03", "Dia03", "{BE262F61-4C67-40F0-B705-FABDADBD24A9}"
EndProject
Project("{9A19103F-16F7-4668-BE54-9A1E7A4F7556}") = "Desafio21DiasOO.Dia03", "Desafio21DiasOO.Dia03\Desafio21DiasOO.Dia03.csproj", "{F47D78FD-68B7-476A-8C72-898E9190E23D}"
EndProject
Project("{2150E333-8FDC-42A3-9474-1A3956D46DE8}") = "Dia04", "Dia04", "{D4DB5C74-47BC-4648-975F-37DE87A71A37}"
EndProject
Project("{9A19103F-16F7-4668-BE54-9A1E7A4F7556}") = "Desafio21DiasOO.Dia04", "Desafio21DiasOO.Dia04\Desafio21DiasOO.Dia04.csproj", "{8764B138-5E3E-4D0B-9E80-C1B0CF7EDDC4}"
EndProject
Project("{2150E333-8FDC-42A3-9474-1A3956D46DE8}") = "Dia05", "Dia05", "{B046CDA6-3A2F-4EEA-87E3-FF5C681B2E1A}"
EndProject
Project("{9A19103F-16F7-4668-BE54-9A1E7A4F7556}") = "Desafio21DiasOO.Dia05", "Desafio21DiasOO.Dia05\Desafio21DiasOO.Dia05.csproj", "{1896D68B-78A6-4F42-BBCA-FCEDC403DF26}"
EndProject
Project("{2150E333-8FDC-42A3-9474-1A3956D46DE8}") = "Dia06", "Dia06", "{FBE3AC91-618F-49BF-A6F6-E4604E2482C8}"
EndProject
Project("{9A19103F-16F7-4668-BE54-9A1E7A4F7556}") = "Desafio21DiasOO.Dia06", "Desafio21DiasOO.Dia06\Desafio21DiasOO.Dia06.csproj", "{6787817D-6D79-4764-AC8D-2526FEFDB035}"
EndProject
Project("{2150E333-8FDC-42A3-9474-1A3956D46DE8}") = "Dia07", "Dia07", "{1C6F1324-C6E2-4F62-82D7-368BFB5AF6B2}"
EndProject
Project("{9A19103F-16F7-4668-BE54-9A1E7A4F7556}") = "Desafio21DiasOO.Dia07", "Desafio21DiasOO.Dia07\Desafio21DiasOO.Dia07.csproj", "{A16B9DDB-E895-44D7-83C9-E2E8039073A8}"
EndProject
Project("{2150E333-8FDC-42A3-9474-1A3956D46DE8}") = "DIa08", "DIa08", "{46DFF377-4149-4A77-9CCF-580FB4FC0FC9}"
EndProject
Project("{9A19103F-16F7-4668-BE54-9A1E7A4F7556}") = "Desafio21DiasOO.Dia08", "Desafio21DiasOO.Dia08\Desafio21DiasOO.Dia08.csproj", "{EA39DF6C-6DE3-4D18-92D3-478AAAC8F9B8}"
EndProject
Project("{2150E333-8FDC-42A3-9474-1A3956D46DE8}") = "Dia09", "Dia09", "{A7D827C7-9233-487C-87D4-4E1F4E1317C6}"
EndProject
Project("{9A19103F-16F7-4668-BE54-9A1E7A4F7556}") = "Desafio21DiasOO.Dia09", "Desafio21DiasOO.Dia09\Desafio21DiasOO.Dia09.csproj", "{00325826-F8FD-41D4-AAF9-953203C28DA4}"
EndProject
Project("{2150E333-8FDC-42A3-9474-1A3956D46DE8}") = "Dia10", "Dia10", "{4E91A9B2-BBDE-4922-8FF4-C3882FCBB238}"
EndProject
Project("{9A19103F-16F7-4668-BE54-9A1E7A4F7556}") = "Desafio21DiasOO.Dia10", "Desafio21DiasOO.Dia10\Desafio21DiasOO.Dia10.csproj", "{E4FFCBC4-AB3E-41FF-BF1E-398A89162479}"
EndProject
Project("{2150E333-8FDC-42A3-9474-1A3956D46DE8}") = "Dia11", "Dia11", "{645661CC-DF4B-417A-945B-4B823F9C70D8}"
EndProject
Project("{9A19103F-16F7-4668-BE54-9A1E7A4F7556}") = "Desafio21DiasOO.Dia11", "Desafio21DiasOO.Dia11\Desafio21DiasOO.Dia11.csproj", "{C7EC2658-E3C4-4319-AEC3-04B762311A30}"
EndProject
Project("{2150E333-8FDC-42A3-9474-1A3956D46DE8}") = "Dia12", "Dia12", "{68E37507-6992-4D35-A69C-A208374BD7C2}"
EndProject
Project("{9A19103F-16F7-4668-BE54-9A1E7A4F7556}") = "ExDesafio21DiasOO.Dia11", "ExDesafio21DiasOO.Dia11\ExDesafio21DiasOO.Dia11.csproj", "{241FB511-EA9E-4B37-8A87-4A53B9BE2335}"
EndProject
Project("{9A19103F-16F7-4668-BE54-9A1E7A4F7556}") = "Desafio21DiasOO.Dia12", "Desafio21DiasOO.Dia12\Desafio21DiasOO.Dia12.csproj", "{11314C6E-936A-4524-A18C-158DE03B3C35}"
EndProject
Project("{2150E333-8FDC-42A3-9474-1A3956D46DE8}") = "Dia13", "Dia13", "{F704D8DD-3A3D-4E80-9A8B-45CA5D5D21E7}"
EndProject
Project("{9A19103F-16F7-4668-BE54-9A1E7A4F7556}") = "Desafio21DiasOO.Dia13", "Desafio21DiasOO.Dia13\Desafio21DiasOO.Dia13.csproj", "{31E6FA3A-A000-482D-B0A9-3B43B2A0946C}"
EndProject
Project("{FAE04EC0-301F-11D3-BF4B-00C04F79EFBC}") = "Desafio21DiasOO.Dia13.Net", "Desafio21DiasOO.Dia13.Net\Desafio21DiasOO.Dia13.Net.csproj", "{FF09D16C-7E4F-4D48-B377-00338C97DAB2}"
EndProject
Project("{2150E333-8FDC-42A3-9474-1A3956D46DE8}") = "DB", "DB", "{C5E340D3-ED5C-49BD-A02D-210F180D983A}"
EndProject
Project("{FAE04EC0-301F-11D3-BF4B-00C04F79EFBC}") = "DataBasePessoa", "DataBasePessoa\DataBasePessoa.csproj", "{9A565F4F-E7B6-48B5-A750-3DC5C138D88D}"
EndProject
Project("{2150E333-8FDC-42A3-9474-1A3956D46DE8}") = "ExercicioReZero", "ExercicioReZero", "{0C146BF3-6FFC-4B76-860C-3C80DB9D694E}"
EndProject
Project("{FAE04EC0-301F-11D3-BF4B-00C04F79EFBC}") = "Desafio.21.Dias.OO.Rezero", "Desafio.21.Dias.OO.Rezero\Desafio.21.Dias.OO.Rezero.csproj", "{95AA05EC-5722-4832-9683-7235BADF956E}"
EndProject
Project("{2150E333-8FDC-42A3-9474-1A3956D46DE8}") = "Dia15", "Dia15", "{F1E8BAF0-6A09-422C-B161-E2BD0740FED8}"
EndProject
Project("{FAE04EC0-301F-11D3-BF4B-00C04F79EFBC}") = "ORMDesafio21Dias", "ORMDesafio21Dias\ORMDesafio21Dias.csproj", "{AA1B41FC-78A8-4634-BBA2-8C08919CC085}"
EndProject
Global
	GlobalSection(SolutionConfigurationPlatforms) = preSolution
		Debug|Any CPU = Debug|Any CPU
		Release|Any CPU = Release|Any CPU
	EndGlobalSection
	GlobalSection(ProjectConfigurationPlatforms) = postSolution
		{05EA7A71-4B1E-4B50-94FE-BA348DD9B2EC}.Debug|Any CPU.ActiveCfg = Debug|Any CPU
		{05EA7A71-4B1E-4B50-94FE-BA348DD9B2EC}.Debug|Any CPU.Build.0 = Debug|Any CPU
		{05EA7A71-4B1E-4B50-94FE-BA348DD9B2EC}.Release|Any CPU.ActiveCfg = Release|Any CPU
		{05EA7A71-4B1E-4B50-94FE-BA348DD9B2EC}.Release|Any CPU.Build.0 = Release|Any CPU
		{F47D78FD-68B7-476A-8C72-898E9190E23D}.Debug|Any CPU.ActiveCfg = Debug|Any CPU
		{F47D78FD-68B7-476A-8C72-898E9190E23D}.Debug|Any CPU.Build.0 = Debug|Any CPU
		{F47D78FD-68B7-476A-8C72-898E9190E23D}.Release|Any CPU.ActiveCfg = Release|Any CPU
		{F47D78FD-68B7-476A-8C72-898E9190E23D}.Release|Any CPU.Build.0 = Release|Any CPU
		{8764B138-5E3E-4D0B-9E80-C1B0CF7EDDC4}.Debug|Any CPU.ActiveCfg = Debug|Any CPU
		{8764B138-5E3E-4D0B-9E80-C1B0CF7EDDC4}.Debug|Any CPU.Build.0 = Debug|Any CPU
		{8764B138-5E3E-4D0B-9E80-C1B0CF7EDDC4}.Release|Any CPU.ActiveCfg = Release|Any CPU
		{8764B138-5E3E-4D0B-9E80-C1B0CF7EDDC4}.Release|Any CPU.Build.0 = Release|Any CPU
		{1896D68B-78A6-4F42-BBCA-FCEDC403DF26}.Debug|Any CPU.ActiveCfg = Debug|Any CPU
		{1896D68B-78A6-4F42-BBCA-FCEDC403DF26}.Debug|Any CPU.Build.0 = Debug|Any CPU
		{1896D68B-78A6-4F42-BBCA-FCEDC403DF26}.Release|Any CPU.ActiveCfg = Release|Any CPU
		{1896D68B-78A6-4F42-BBCA-FCEDC403DF26}.Release|Any CPU.Build.0 = Release|Any CPU
		{6787817D-6D79-4764-AC8D-2526FEFDB035}.Debug|Any CPU.ActiveCfg = Debug|Any CPU
		{6787817D-6D79-4764-AC8D-2526FEFDB035}.Debug|Any CPU.Build.0 = Debug|Any CPU
		{6787817D-6D79-4764-AC8D-2526FEFDB035}.Release|Any CPU.ActiveCfg = Release|Any CPU
		{6787817D-6D79-4764-AC8D-2526FEFDB035}.Release|Any CPU.Build.0 = Release|Any CPU
		{A16B9DDB-E895-44D7-83C9-E2E8039073A8}.Debug|Any CPU.ActiveCfg = Debug|Any CPU
		{A16B9DDB-E895-44D7-83C9-E2E8039073A8}.Debug|Any CPU.Build.0 = Debug|Any CPU
		{A16B9DDB-E895-44D7-83C9-E2E8039073A8}.Release|Any CPU.ActiveCfg = Release|Any CPU
		{A16B9DDB-E895-44D7-83C9-E2E8039073A8}.Release|Any CPU.Build.0 = Release|Any CPU
		{EA39DF6C-6DE3-4D18-92D3-478AAAC8F9B8}.Debug|Any CPU.ActiveCfg = Debug|Any CPU
		{EA39DF6C-6DE3-4D18-92D3-478AAAC8F9B8}.Debug|Any CPU.Build.0 = Debug|Any CPU
		{EA39DF6C-6DE3-4D18-92D3-478AAAC8F9B8}.Release|Any CPU.ActiveCfg = Release|Any CPU
		{EA39DF6C-6DE3-4D18-92D3-478AAAC8F9B8}.Release|Any CPU.Build.0 = Release|Any CPU
		{00325826-F8FD-41D4-AAF9-953203C28DA4}.Debug|Any CPU.ActiveCfg = Debug|Any CPU
		{00325826-F8FD-41D4-AAF9-953203C28DA4}.Debug|Any CPU.Build.0 = Debug|Any CPU
		{00325826-F8FD-41D4-AAF9-953203C28DA4}.Release|Any CPU.ActiveCfg = Release|Any CPU
		{00325826-F8FD-41D4-AAF9-953203C28DA4}.Release|Any CPU.Build.0 = Release|Any CPU
		{E4FFCBC4-AB3E-41FF-BF1E-398A89162479}.Debug|Any CPU.ActiveCfg = Debug|Any CPU
		{E4FFCBC4-AB3E-41FF-BF1E-398A89162479}.Debug|Any CPU.Build.0 = Debug|Any CPU
		{E4FFCBC4-AB3E-41FF-BF1E-398A89162479}.Release|Any CPU.ActiveCfg = Release|Any CPU
		{E4FFCBC4-AB3E-41FF-BF1E-398A89162479}.Release|Any CPU.Build.0 = Release|Any CPU
		{C7EC2658-E3C4-4319-AEC3-04B762311A30}.Debug|Any CPU.ActiveCfg = Debug|Any CPU
		{C7EC2658-E3C4-4319-AEC3-04B762311A30}.Debug|Any CPU.Build.0 = Debug|Any CPU
		{C7EC2658-E3C4-4319-AEC3-04B762311A30}.Release|Any CPU.ActiveCfg = Release|Any CPU
		{C7EC2658-E3C4-4319-AEC3-04B762311A30}.Release|Any CPU.Build.0 = Release|Any CPU
		{241FB511-EA9E-4B37-8A87-4A53B9BE2335}.Debug|Any CPU.ActiveCfg = Debug|Any CPU
		{241FB511-EA9E-4B37-8A87-4A53B9BE2335}.Debug|Any CPU.Build.0 = Debug|Any CPU
		{241FB511-EA9E-4B37-8A87-4A53B9BE2335}.Release|Any CPU.ActiveCfg = Release|Any CPU
		{241FB511-EA9E-4B37-8A87-4A53B9BE2335}.Release|Any CPU.Build.0 = Release|Any CPU
		{11314C6E-936A-4524-A18C-158DE03B3C35}.Debug|Any CPU.ActiveCfg = Debug|Any CPU
		{11314C6E-936A-4524-A18C-158DE03B3C35}.Debug|Any CPU.Build.0 = Debug|Any CPU
		{11314C6E-936A-4524-A18C-158DE03B3C35}.Release|Any CPU.ActiveCfg = Release|Any CPU
		{11314C6E-936A-4524-A18C-158DE03B3C35}.Release|Any CPU.Build.0 = Release|Any CPU
		{31E6FA3A-A000-482D-B0A9-3B43B2A0946C}.Debug|Any CPU.ActiveCfg = Debug|Any CPU
		{31E6FA3A-A000-482D-B0A9-3B43B2A0946C}.Debug|Any CPU.Build.0 = Debug|Any CPU
		{31E6FA3A-A000-482D-B0A9-3B43B2A0946C}.Release|Any CPU.ActiveCfg = Release|Any CPU
		{31E6FA3A-A000-482D-B0A9-3B43B2A0946C}.Release|Any CPU.Build.0 = Release|Any CPU
		{FF09D16C-7E4F-4D48-B377-00338C97DAB2}.Debug|Any CPU.ActiveCfg = Debug|Any CPU
		{FF09D16C-7E4F-4D48-B377-00338C97DAB2}.Debug|Any CPU.Build.0 = Debug|Any CPU
		{FF09D16C-7E4F-4D48-B377-00338C97DAB2}.Release|Any CPU.ActiveCfg = Release|Any CPU
		{FF09D16C-7E4F-4D48-B377-00338C97DAB2}.Release|Any CPU.Build.0 = Release|Any CPU
		{9A565F4F-E7B6-48B5-A750-3DC5C138D88D}.Debug|Any CPU.ActiveCfg = Debug|Any CPU
		{9A565F4F-E7B6-48B5-A750-3DC5C138D88D}.Debug|Any CPU.Build.0 = Debug|Any CPU
		{9A565F4F-E7B6-48B5-A750-3DC5C138D88D}.Release|Any CPU.ActiveCfg = Release|Any CPU
		{9A565F4F-E7B6-48B5-A750-3DC5C138D88D}.Release|Any CPU.Build.0 = Release|Any CPU
		{95AA05EC-5722-4832-9683-7235BADF956E}.Debug|Any CPU.ActiveCfg = Debug|Any CPU
		{95AA05EC-5722-4832-9683-7235BADF956E}.Debug|Any CPU.Build.0 = Debug|Any CPU
		{95AA05EC-5722-4832-9683-7235BADF956E}.Release|Any CPU.ActiveCfg = Release|Any CPU
		{95AA05EC-5722-4832-9683-7235BADF956E}.Release|Any CPU.Build.0 = Release|Any CPU
		{AA1B41FC-78A8-4634-BBA2-8C08919CC085}.Debug|Any CPU.ActiveCfg = Debug|Any CPU
		{AA1B41FC-78A8-4634-BBA2-8C08919CC085}.Debug|Any CPU.Build.0 = Debug|Any CPU
		{AA1B41FC-78A8-4634-BBA2-8C08919CC085}.Release|Any CPU.ActiveCfg = Release|Any CPU
		{AA1B41FC-78A8-4634-BBA2-8C08919CC085}.Release|Any CPU.Build.0 = Release|Any CPU
	EndGlobalSection
	GlobalSection(SolutionProperties) = preSolution
		HideSolutionNode = FALSE
	EndGlobalSection
	GlobalSection(NestedProjects) = preSolution
		{05EA7A71-4B1E-4B50-94FE-BA348DD9B2EC} = {EB33DF55-FC8F-4976-BC3A-4280B9468EE8}
		{F47D78FD-68B7-476A-8C72-898E9190E23D} = {BE262F61-4C67-40F0-B705-FABDADBD24A9}
		{8764B138-5E3E-4D0B-9E80-C1B0CF7EDDC4} = {D4DB5C74-47BC-4648-975F-37DE87A71A37}
		{1896D68B-78A6-4F42-BBCA-FCEDC403DF26} = {B046CDA6-3A2F-4EEA-87E3-FF5C681B2E1A}
		{6787817D-6D79-4764-AC8D-2526FEFDB035} = {FBE3AC91-618F-49BF-A6F6-E4604E2482C8}
		{A16B9DDB-E895-44D7-83C9-E2E8039073A8} = {1C6F1324-C6E2-4F62-82D7-368BFB5AF6B2}
		{EA39DF6C-6DE3-4D18-92D3-478AAAC8F9B8} = {46DFF377-4149-4A77-9CCF-580FB4FC0FC9}
		{00325826-F8FD-41D4-AAF9-953203C28DA4} = {A7D827C7-9233-487C-87D4-4E1F4E1317C6}
		{E4FFCBC4-AB3E-41FF-BF1E-398A89162479} = {4E91A9B2-BBDE-4922-8FF4-C3882FCBB238}
		{C7EC2658-E3C4-4319-AEC3-04B762311A30} = {645661CC-DF4B-417A-945B-4B823F9C70D8}
		{241FB511-EA9E-4B37-8A87-4A53B9BE2335} = {645661CC-DF4B-417A-945B-4B823F9C70D8}
		{11314C6E-936A-4524-A18C-158DE03B3C35} = {68E37507-6992-4D35-A69C-A208374BD7C2}
		{31E6FA3A-A000-482D-B0A9-3B43B2A0946C} = {F704D8DD-3A3D-4E80-9A8B-45CA5D5D21E7}
		{FF09D16C-7E4F-4D48-B377-00338C97DAB2} = {F704D8DD-3A3D-4E80-9A8B-45CA5D5D21E7}
		{9A565F4F-E7B6-48B5-A750-3DC5C138D88D} = {C5E340D3-ED5C-49BD-A02D-210F180D983A}
		{0C146BF3-6FFC-4B76-860C-3C80DB9D694E} = {F704D8DD-3A3D-4E80-9A8B-45CA5D5D21E7}
		{95AA05EC-5722-4832-9683-7235BADF956E} = {0C146BF3-6FFC-4B76-860C-3C80DB9D694E}
		{AA1B41FC-78A8-4634-BBA2-8C08919CC085} = {F1E8BAF0-6A09-422C-B161-E2BD0740FED8}
	EndGlobalSection
	GlobalSection(ExtensibilityGlobals) = postSolution
		SolutionGuid = {4DC5A3EA-2BE4-4FA7-9497-72B7C6CD802E}
	EndGlobalSection
EndGlobal
